
Microsoft Visual Studio Solution File, Format Version 12.00
# Visual Studio Version 17
VisualStudioVersion = 17.14.36518.9 d17.14
MinimumVisualStudioVersion = 10.0.40219.1
Project("{FAE04EC0-301F-11D3-BF4B-00C04F79EFBC}") = "DesafioBoletim", "DesafioBoletim\DesafioBoletim.csproj", "{65A355DA-91A9-4FFB-8C29-FD65882B00BA}"
EndProject
Global
	GlobalSection(SolutionConfigurationPlatforms) = preSolution
		Debug|Any CPU = Debug|Any CPU
		Release|Any CPU = Release|Any CPU
	EndGlobalSection
	GlobalSection(ProjectConfigurationPlatforms) = postSolution
		{65A355DA-91A9-4FFB-8C29-FD65882B00BA}.Debug|Any CPU.ActiveCfg = Debug|Any CPU
		{65A355DA-91A9-4FFB-8C29-FD65882B00BA}.Debug|Any CPU.Build.0 = Debug|Any CPU
		{65A355DA-91A9-4FFB-8C29-FD65882B00BA}.Release|Any CPU.ActiveCfg = Release|Any CPU
		{65A355DA-91A9-4FFB-8C29-FD65882B00BA}.Release|Any CPU.Build.0 = Release|Any CPU
	EndGlobalSection
	GlobalSection(SolutionProperties) = preSolution
		HideSolutionNode = FALSE
	EndGlobalSection
	GlobalSection(ExtensibilityGlobals) = postSolution
		SolutionGuid = {17EB0357-7220-4B3D-84D3-6E6D13C1F9FB}
	EndGlobalSection
EndGlobal
